
Microsoft Visual Studio Solution File, Format Version 12.00
# Visual Studio 15
VisualStudioVersion = 15.0.26730.12
MinimumVisualStudioVersion = 10.0.40219.1
Project("{FAE04EC0-301F-11D3-BF4B-00C04F79EFBC}") = "Csharp-Guide-Console-Examples", "Csharp-Guide-Console-Examples\Csharp-Guide-Console-Examples.csproj", "{2652F6AD-6F1B-4C24-B5AD-ECE5384B9376}"
EndProject
Global
	GlobalSection(SolutionConfigurationPlatforms) = preSolution
		Debug|Any CPU = Debug|Any CPU
		Release|Any CPU = Release|Any CPU
	EndGlobalSection
	GlobalSection(ProjectConfigurationPlatforms) = postSolution
		{2652F6AD-6F1B-4C24-B5AD-ECE5384B9376}.Debug|Any CPU.ActiveCfg = Debug|Any CPU
		{2652F6AD-6F1B-4C24-B5AD-ECE5384B9376}.Debug|Any CPU.Build.0 = Debug|Any CPU
		{2652F6AD-6F1B-4C24-B5AD-ECE5384B9376}.Release|Any CPU.ActiveCfg = Release|Any CPU
		{2652F6AD-6F1B-4C24-B5AD-ECE5384B9376}.Release|Any CPU.Build.0 = Release|Any CPU
	EndGlobalSection
	GlobalSection(SolutionProperties) = preSolution
		HideSolutionNode = FALSE
	EndGlobalSection
	GlobalSection(ExtensibilityGlobals) = postSolution
		SolutionGuid = {0E2C10DB-D484-49FD-9FAB-890646648670}
	EndGlobalSection
EndGlobal
